// !$*UTF8*$!
{
	archiveVersion = 1;
	classes = {
	};
	objectVersion = 46;
	objects = {

/* Begin PBXBuildFile section */
		4A346F0F1BDDC3C200BDACF9 /* main.m in Sources */ = {isa = PBXBuildFile; fileRef = 4A346F0E1BDDC3C200BDACF9 /* main.m */; };
		4A346F121BDDC3C200BDACF9 /* AppDelegate.m in Sources */ = {isa = PBXBuildFile; fileRef = 4A346F111BDDC3C200BDACF9 /* AppDelegate.m */; };
		4A346F151BDDC3C200BDACF9 /* ViewController.m in Sources */ = {isa = PBXBuildFile; fileRef = 4A346F141BDDC3C200BDACF9 /* ViewController.m */; };
		4A346F181BDDC3C200BDACF9 /* Main.storyboard in Resources */ = {isa = PBXBuildFile; fileRef = 4A346F161BDDC3C200BDACF9 /* Main.storyboard */; };
		4A346F1A1BDDC3C200BDACF9 /* Assets.xcassets in Resources */ = {isa = PBXBuildFile; fileRef = 4A346F191BDDC3C200BDACF9 /* Assets.xcassets */; };
		4A346F281BDDC3C200BDACF9 /* SimpleTableTests.m in Sources */ = {isa = PBXBuildFile; fileRef = 4A346F271BDDC3C200BDACF9 /* SimpleTableTests.m */; };
		4A346F331BDDC3C200BDACF9 /* SimpleTableUITests.m in Sources */ = {isa = PBXBuildFile; fileRef = 4A346F321BDDC3C200BDACF9 /* SimpleTableUITests.m */; };
		4A346F411BDDD49100BDACF9 /* 66.jpg in Resources */ = {isa = PBXBuildFile; fileRef = 4A346F401BDDD49100BDACF9 /* 66.jpg */; settings = {ASSET_TAGS = (); }; };
		4A346F461BDDE78000BDACF9 /* simpleTableViewCell.m in Sources */ = {isa = PBXBuildFile; fileRef = 4A346F451BDDE78000BDACF9 /* simpleTableViewCell.m */; settings = {ASSET_TAGS = (); }; };
		4A5F5BA81BE1CAB20066046B /* RecipeDetailViewController.m in Sources */ = {isa = PBXBuildFile; fileRef = 4A5F5BA71BE1CAB20066046B /* RecipeDetailViewController.m */; settings = {ASSET_TAGS = (); }; };
		4A610DDC1BE0991800F1B2F2 /* recipes.plist in Resources */ = {isa = PBXBuildFile; fileRef = 4A610DDB1BE0991800F1B2F2 /* recipes.plist */; settings = {ASSET_TAGS = (); }; };
		4A610DDE1BE0A7ED00F1B2F2 /* Launch Screen.storyboard in Resources */ = {isa = PBXBuildFile; fileRef = 4A610DDD1BE0A7ED00F1B2F2 /* Launch Screen.storyboard */; settings = {ASSET_TAGS = (); }; };
/* End PBXBuildFile section */

/* Begin PBXContainerItemProxy section */
		4A346F241BDDC3C200BDACF9 /* PBXContainerItemProxy */ = {
			isa = PBXContainerItemProxy;
			containerPortal = 4A346F021BDDC3C200BDACF9 /* Project object */;
			proxyType = 1;
			remoteGlobalIDString = 4A346F091BDDC3C200BDACF9;
			remoteInfo = SimpleTable;
		};
		4A346F2F1BDDC3C200BDACF9 /* PBXContainerItemProxy */ = {
			isa = PBXContainerItemProxy;
			containerPortal = 4A346F021BDDC3C200BDACF9 /* Project object */;
			proxyType = 1;
			remoteGlobalIDString = 4A346F091BDDC3C200BDACF9;
			remoteInfo = SimpleTable;
		};
/* End PBXContainerItemProxy section */

/* Begin PBXFileReference section */
		4A346F0A1BDDC3C200BDACF9 /* SimpleTable.app */ = {isa = PBXFileReference; explicitFileType = wrapper.application; includeInIndex = 0; path = SimpleTable.app; sourceTree = BUILT_PRODUCTS_DIR; };
		4A346F0E1BDDC3C200BDACF9 /* main.m */ = {isa = PBXFileReference; lastKnownFileType = sourcecode.c.objc; path = main.m; sourceTree = "<group>"; };
		4A346F101BDDC3C200BDACF9 /* AppDelegate.h */ = {isa = PBXFileReference; lastKnownFileType = sourcecode.c.h; path = AppDelegate.h; sourceTree = "<group>"; };
		4A346F111BDDC3C200BDACF9 /* AppDelegate.m */ = {isa = PBXFileReference; lastKnownFileType = sourcecode.c.objc; path = AppDelegate.m; sourceTree = "<group>"; };
		4A346F131BDDC3C200BDACF9 /* ViewController.h */ = {isa = PBXFileReference; lastKnownFileType = sourcecode.c.h; path = ViewController.h; sourceTree = "<group>"; };
		4A346F141BDDC3C200BDACF9 /* ViewController.m */ = {isa = PBXFileReference; lastKnownFileType = sourcecode.c.objc; path = ViewController.m; sourceTree = "<group>"; };
		4A346F171BDDC3C200BDACF9 /* Base */ = {isa = PBXFileReference; lastKnownFileType = file.storyboard; name = Base; path = Base.lproj/Main.storyboard; sourceTree = "<group>"; };
		4A346F191BDDC3C200BDACF9 /* Assets.xcassets */ = {isa = PBXFileReference; lastKnownFileType = folder.assetcatalog; path = Assets.xcassets; sourceTree = "<group>"; };
		4A346F1E1BDDC3C200BDACF9 /* Info.plist */ = {isa = PBXFileReference; lastKnownFileType = text.plist.xml; path = Info.plist; sourceTree = "<group>"; };
		4A346F231BDDC3C200BDACF9 /* SimpleTableTests.xctest */ = {isa = PBXFileReference; explicitFileType = wrapper.cfbundle; includeInIndex = 0; path = SimpleTableTests.xctest; sourceTree = BUILT_PRODUCTS_DIR; };
		4A346F271BDDC3C200BDACF9 /* SimpleTableTests.m */ = {isa = PBXFileReference; lastKnownFileType = sourcecode.c.objc; path = SimpleTableTests.m; sourceTree = "<group>"; };
		4A346F291BDDC3C200BDACF9 /* Info.plist */ = {isa = PBXFileReference; lastKnownFileType = text.plist.xml; path = Info.plist; sourceTree = "<group>"; };
		4A346F2E1BDDC3C200BDACF9 /* SimpleTableUITests.xctest */ = {isa = PBXFileReference; explicitFileType = wrapper.cfbundle; includeInIndex = 0; path = SimpleTableUITests.xctest; sourceTree = BUILT_PRODUCTS_DIR; };
		4A346F321BDDC3C200BDACF9 /* SimpleTableUITests.m */ = {isa = PBXFileReference; lastKnownFileType = sourcecode.c.objc; path = SimpleTableUITests.m; sourceTree = "<group>"; };
		4A346F341BDDC3C200BDACF9 /* Info.plist */ = {isa = PBXFileReference; lastKnownFileType = text.plist.xml; path = Info.plist; sourceTree = "<group>"; };
		4A346F401BDDD49100BDACF9 /* 66.jpg */ = {isa = PBXFileReference; lastKnownFileType = image.jpeg; name = 66.jpg; path = ../66.jpg; sourceTree = "<group>"; };
		4A346F441BDDE78000BDACF9 /* simpleTableViewCell.h */ = {isa = PBXFileReference; fileEncoding = 4; lastKnownFileType = sourcecode.c.h; name = simpleTableViewCell.h; path = ../simpleTableViewCell.h; sourceTree = "<group>"; };
		4A346F451BDDE78000BDACF9 /* simpleTableViewCell.m */ = {isa = PBXFileReference; fileEncoding = 4; lastKnownFileType = sourcecode.c.objc; name = simpleTableViewCell.m; path = ../simpleTableViewCell.m; sourceTree = "<group>"; };
		4A5F5BA61BE1CAB20066046B /* RecipeDetailViewController.h */ = {isa = PBXFileReference; fileEncoding = 4; lastKnownFileType = sourcecode.c.h; path = RecipeDetailViewController.h; sourceTree = "<group>"; };
		4A5F5BA71BE1CAB20066046B /* RecipeDetailViewController.m */ = {isa = PBXFileReference; fileEncoding = 4; lastKnownFileType = sourcecode.c.objc; path = RecipeDetailViewController.m; sourceTree = "<group>"; };
		4A610DDB1BE0991800F1B2F2 /* recipes.plist */ = {isa = PBXFileReference; fileEncoding = 4; lastKnownFileType = text.plist.xml; path = recipes.plist; sourceTree = "<group>"; };
		4A610DDD1BE0A7ED00F1B2F2 /* Launch Screen.storyboard */ = {isa = PBXFileReference; fileEncoding = 4; lastKnownFileType = file.storyboard; name = "Launch Screen.storyboard"; path = "../Launch Screen.storyboard"; sourceTree = "<group>"; };
/* End PBXFileReference section */

/* Begin PBXFrameworksBuildPhase section */
		4A346F071BDDC3C200BDACF9 /* Frameworks */ = {
			isa = PBXFrameworksBuildPhase;
			buildActionMask = 2147483647;
			files = (
			);
			runOnlyForDeploymentPostprocessing = 0;
		};
		4A346F201BDDC3C200BDACF9 /* Frameworks */ = {
			isa = PBXFrameworksBuildPhase;
			buildActionMask = 2147483647;
			files = (
			);
			runOnlyForDeploymentPostprocessing = 0;
		};
		4A346F2B1BDDC3C200BDACF9 /* Frameworks */ = {
			isa = PBXFrameworksBuildPhase;
			buildActionMask = 2147483647;
			files = (
			);
			runOnlyForDeploymentPostprocessing = 0;
		};
/* End PBXFrameworksBuildPhase section */

/* Begin PBXGroup section */
		4A346F011BDDC3C200BDACF9 = {
			isa = PBXGroup;
			children = (
				4A346F0C1BDDC3C200BDACF9 /* SimpleTable */,
				4A346F261BDDC3C200BDACF9 /* SimpleTableTests */,
				4A346F311BDDC3C200BDACF9 /* SimpleTableUITests */,
				4A346F0B1BDDC3C200BDACF9 /* Products */,
			);
			sourceTree = "<group>";
		};
		4A346F0B1BDDC3C200BDACF9 /* Products */ = {
			isa = PBXGroup;
			children = (
				4A346F0A1BDDC3C200BDACF9 /* SimpleTable.app */,
				4A346F231BDDC3C200BDACF9 /* SimpleTableTests.xctest */,
				4A346F2E1BDDC3C200BDACF9 /* SimpleTableUITests.xctest */,
			);
			name = Products;
			sourceTree = "<group>";
		};
		4A346F0C1BDDC3C200BDACF9 /* SimpleTable */ = {
			isa = PBXGroup;
			children = (
				4A610DDD1BE0A7ED00F1B2F2 /* Launch Screen.storyboard */,
				4A346F441BDDE78000BDACF9 /* simpleTableViewCell.h */,
				4A346F451BDDE78000BDACF9 /* simpleTableViewCell.m */,
				4A346F401BDDD49100BDACF9 /* 66.jpg */,
				4A346F101BDDC3C200BDACF9 /* AppDelegate.h */,
				4A346F111BDDC3C200BDACF9 /* AppDelegate.m */,
				4A346F131BDDC3C200BDACF9 /* ViewController.h */,
				4A346F141BDDC3C200BDACF9 /* ViewController.m */,
				4A346F161BDDC3C200BDACF9 /* Main.storyboard */,
				4A346F191BDDC3C200BDACF9 /* Assets.xcassets */,
				4A346F1E1BDDC3C200BDACF9 /* Info.plist */,
				4A346F0D1BDDC3C200BDACF9 /* Supporting Files */,
				4A610DDB1BE0991800F1B2F2 /* recipes.plist */,
				4A5F5BA61BE1CAB20066046B /* RecipeDetailViewController.h */,
				4A5F5BA71BE1CAB20066046B /* RecipeDetailViewController.m */,
			);
			path = SimpleTable;
			sourceTree = "<group>";
		};
		4A346F0D1BDDC3C200BDACF9 /* Supporting Files */ = {
			isa = PBXGroup;
			children = (
				4A346F0E1BDDC3C200BDACF9 /* main.m */,
			);
			name = "Supporting Files";
			sourceTree = "<group>";
		};
		4A346F261BDDC3C200BDACF9 /* SimpleTableTests */ = {
			isa = PBXGroup;
			children = (
				4A346F271BDDC3C200BDACF9 /* SimpleTableTests.m */,
				4A346F291BDDC3C200BDACF9 /* Info.plist */,
			);
			path = SimpleTableTests;
			sourceTree = "<group>";
		};
		4A346F311BDDC3C200BDACF9 /* SimpleTableUITests */ = {
			isa = PBXGroup;
			children = (
				4A346F321BDDC3C200BDACF9 /* SimpleTableUITests.m */,
				4A346F341BDDC3C200BDACF9 /* Info.plist */,
			);
			path = SimpleTableUITests;
			sourceTree = "<group>";
		};
/* End PBXGroup section */

/* Begin PBXNativeTarget section */
		4A346F091BDDC3C200BDACF9 /* SimpleTable */ = {
			isa = PBXNativeTarget;
			buildConfigurationList = 4A346F371BDDC3C200BDACF9 /* Build configuration list for PBXNativeTarget "SimpleTable" */;
			buildPhases = (
				4A346F061BDDC3C200BDACF9 /* Sources */,
				4A346F071BDDC3C200BDACF9 /* Frameworks */,
				4A346F081BDDC3C200BDACF9 /* Resources */,
			);
			buildRules = (
			);
			dependencies = (
			);
			name = SimpleTable;
			productName = SimpleTable;
			productReference = 4A346F0A1BDDC3C200BDACF9 /* SimpleTable.app */;
			productType = "com.apple.product-type.application";
		};
		4A346F221BDDC3C200BDACF9 /* SimpleTableTests */ = {
			isa = PBXNativeTarget;
			buildConfigurationList = 4A346F3A1BDDC3C200BDACF9 /* Build configuration list for PBXNativeTarget "SimpleTableTests" */;
			buildPhases = (
				4A346F1F1BDDC3C200BDACF9 /* Sources */,
				4A346F201BDDC3C200BDACF9 /* Frameworks */,
				4A346F211BDDC3C200BDACF9 /* Resources */,
			);
			buildRules = (
			);
			dependencies = (
				4A346F251BDDC3C200BDACF9 /* PBXTargetDependency */,
			);
			name = SimpleTableTests;
			productName = SimpleTableTests;
			productReference = 4A346F231BDDC3C200BDACF9 /* SimpleTableTests.xctest */;
			productType = "com.apple.product-type.bundle.unit-test";
		};
		4A346F2D1BDDC3C200BDACF9 /* SimpleTableUITests */ = {
			isa = PBXNativeTarget;
			buildConfigurationList = 4A346F3D1BDDC3C200BDACF9 /* Build configuration list for PBXNativeTarget "SimpleTableUITests" */;
			buildPhases = (
				4A346F2A1BDDC3C200BDACF9 /* Sources */,
				4A346F2B1BDDC3C200BDACF9 /* Frameworks */,
				4A346F2C1BDDC3C200BDACF9 /* Resources */,
			);
			buildRules = (
			);
			dependencies = (
				4A346F301BDDC3C200BDACF9 /* PBXTargetDependency */,
			);
			name = SimpleTableUITests;
			productName = SimpleTableUITests;
			productReference = 4A346F2E1BDDC3C200BDACF9 /* SimpleTableUITests.xctest */;
			productType = "com.apple.product-type.bundle.ui-testing";
		};
/* End PBXNativeTarget section */

/* Begin PBXProject section */
		4A346F021BDDC3C200BDACF9 /* Project object */ = {
			isa = PBXProject;
			attributes = {
				LastUpgradeCheck = 0700;
				ORGANIZATIONNAME = guanglin;
				TargetAttributes = {
					4A346F091BDDC3C200BDACF9 = {
						CreatedOnToolsVersion = 7.0.1;
						DevelopmentTeam = RK7SSRP77N;
					};
					4A346F221BDDC3C200BDACF9 = {
						CreatedOnToolsVersion = 7.0.1;
						DevelopmentTeam = RK7SSRP77N;
						TestTargetID = 4A346F091BDDC3C200BDACF9;
					};
					4A346F2D1BDDC3C200BDACF9 = {
						CreatedOnToolsVersion = 7.0.1;
						DevelopmentTeam = RK7SSRP77N;
						TestTargetID = 4A346F091BDDC3C200BDACF9;
					};
				};
			};
			buildConfigurationList = 4A346F051BDDC3C200BDACF9 /* Build configuration list for PBXProject "SimpleTable" */;
			compatibilityVersion = "Xcode 3.2";
			developmentRegion = English;
			hasScannedForEncodings = 0;
			knownRegions = (
				en,
				Base,
			);
			mainGroup = 4A346F011BDDC3C200BDACF9;
			productRefGroup = 4A346F0B1BDDC3C200BDACF9 /* Products */;
			projectDirPath = "";
			projectRoot = "";
			targets = (
				4A346F091BDDC3C200BDACF9 /* SimpleTable */,
				4A346F221BDDC3C200BDACF9 /* SimpleTableTests */,
				4A346F2D1BDDC3C200BDACF9 /* SimpleTableUITests */,
			);
		};
/* End PBXProject section */

/* Begin PBXResourcesBuildPhase section */
		4A346F081BDDC3C200BDACF9 /* Resources */ = {
			isa = PBXResourcesBuildPhase;
			buildActionMask = 2147483647;
			files = (
				4A610DDC1BE0991800F1B2F2 /* recipes.plist in Resources */,
				4A346F411BDDD49100BDACF9 /* 66.jpg in Resources */,
				4A346F1A1BDDC3C200BDACF9 /* Assets.xcassets in Resources */,
				4A610DDE1BE0A7ED00F1B2F2 /* Launch Screen.storyboard in Resources */,
				4A346F181BDDC3C200BDACF9 /* Main.storyboard in Resources */,
			);
			runOnlyForDeploymentPostprocessing = 0;
		};
		4A346F211BDDC3C200BDACF9 /* Resources */ = {
			isa = PBXResourcesBuildPhase;
			buildActionMask = 2147483647;
			files = (
			);
			runOnlyForDeploymentPostprocessing = 0;
		};
		4A346F2C1BDDC3C200BDACF9 /* Resources */ = {
			isa = PBXResourcesBuildPhase;
			buildActionMask = 2147483647;
			files = (
			);
			runOnlyForDeploymentPostprocessing = 0;
		};
/* End PBXResourcesBuildPhase section */

/* Begin PBXSourcesBuildPhase section */
		4A346F061BDDC3C200BDACF9 /* Sources */ = {
			isa = PBXSourcesBuildPhase;
			buildActionMask = 2147483647;
			files = (
				4A346F151BDDC3C200BDACF9 /* ViewController.m in Sources */,
				4A346F461BDDE78000BDACF9 /* simpleTableViewCell.m in Sources */,
				4A346F121BDDC3C200BDACF9 /* AppDelegate.m in Sources */,
				4A346F0F1BDDC3C200BDACF9 /* main.m in Sources */,
				4A5F5BA81BE1CAB20066046B /* RecipeDetailViewController.m in Sources */,
			);
			runOnlyForDeploymentPostprocessing = 0;
		};
		4A346F1F1BDDC3C200BDACF9 /* Sources */ = {
			isa = PBXSourcesBuildPhase;
			buildActionMask = 2147483647;
			files = (
				4A346F281BDDC3C200BDACF9 /* SimpleTableTests.m in Sources */,
			);
			runOnlyForDeploymentPostprocessing = 0;
		};
		4A346F2A1BDDC3C200BDACF9 /* Sources */ = {
			isa = PBXSourcesBuildPhase;
			buildActionMask = 2147483647;
			files = (
				4A346F331BDDC3C200BDACF9 /* SimpleTableUITests.m in Sources */,
			);
			runOnlyForDeploymentPostprocessing = 0;
		};
/* End PBXSourcesBuildPhase section */

/* Begin PBXTargetDependency section */
		4A346F251BDDC3C200BDACF9 /* PBXTargetDependency */ = {
			isa = PBXTargetDependency;
			target = 4A346F091BDDC3C200BDACF9 /* SimpleTable */;
			targetProxy = 4A346F241BDDC3C200BDACF9 /* PBXContainerItemProxy */;
		};
		4A346F301BDDC3C200BDACF9 /* PBXTargetDependency */ = {
			isa = PBXTargetDependency;
			target = 4A346F091BDDC3C200BDACF9 /* SimpleTable */;
			targetProxy = 4A346F2F1BDDC3C200BDACF9 /* PBXContainerItemProxy */;
		};
/* End PBXTargetDependency section */

/* Begin PBXVariantGroup section */
		4A346F161BDDC3C200BDACF9 /* Main.storyboard */ = {
			isa = PBXVariantGroup;
			children = (
				4A346F171BDDC3C200BDACF9 /* Base */,
			);
			name = Main.storyboard;
			sourceTree = "<group>";
		};
/* End PBXVariantGroup section */

/* Begin XCBuildConfiguration section */
		4A346F351BDDC3C200BDACF9 /* Debug */ = {
			isa = XCBuildConfiguration;
			buildSettings = {
				ALWAYS_SEARCH_USER_PATHS = NO;
				CLANG_CXX_LANGUAGE_STANDARD = "gnu++0x";
				CLANG_CXX_LIBRARY = "libc++";
				CLANG_ENABLE_MODULES = YES;
				CLANG_ENABLE_OBJC_ARC = YES;
				CLANG_WARN_BOOL_CONVERSION = YES;
				CLANG_WARN_CONSTANT_CONVERSION = YES;
				CLANG_WARN_DIRECT_OBJC_ISA_USAGE = YES_ERROR;
				CLANG_WARN_EMPTY_BODY = YES;
				CLANG_WARN_ENUM_CONVERSION = YES;
				CLANG_WARN_INT_CONVERSION = YES;
				CLANG_WARN_OBJC_ROOT_CLASS = YES_ERROR;
				CLANG_WARN_UNREACHABLE_CODE = YES;
				CLANG_WARN__DUPLICATE_METHOD_MATCH = YES;
				"CODE_SIGN_IDENTITY[sdk=iphoneos*]" = "iPhone Developer";
				COPY_PHASE_STRIP = NO;
				DEBUG_INFORMATION_FORMAT = dwarf;
				ENABLE_STRICT_OBJC_MSGSEND = YES;
				ENABLE_TESTABILITY = YES;
				GCC_C_LANGUAGE_STANDARD = gnu99;
				GCC_DYNAMIC_NO_PIC = NO;
				GCC_NO_COMMON_BLOCKS = YES;
				GCC_OPTIMIZATION_LEVEL = 0;
				GCC_PREPROCESSOR_DEFINITIONS = (
					"DEBUG=1",
					"$(inherited)",
				);
				GCC_WARN_64_TO_32_BIT_CONVERSION = YES;
				GCC_WARN_ABOUT_RETURN_TYPE = YES_ERROR;
				GCC_WARN_UNDECLARED_SELECTOR = YES;
				GCC_WARN_UNINITIALIZED_AUTOS = YES_AGGRESSIVE;
				GCC_WARN_UNUSED_FUNCTION = YES;
				GCC_WARN_UNUSED_VARIABLE = YES;
				IPHONEOS_DEPLOYMENT_TARGET = 9.0;
				MTL_ENABLE_DEBUG_INFO = YES;
				ONLY_ACTIVE_ARCH = YES;
				SDKROOT = iphoneos;
				TARGETED_DEVICE_FAMILY = "1,2";
			};
			name = Debug;
		};
		4A346F361BDDC3C200BDACF9 /* Release */ = {
			isa = XCBuildConfiguration;
			buildSettings = {
				ALWAYS_SEARCH_USER_PATHS = NO;
				CLANG_CXX_LANGUAGE_STANDARD = "gnu++0x";
				CLANG_CXX_LIBRARY = "libc++";
				CLANG_ENABLE_MODULES = YES;
				CLANG_ENABLE_OBJC_ARC = YES;
				CLANG_WARN_BOOL_CONVERSION = YES;
				CLANG_WARN_CONSTANT_CONVERSION = YES;
				CLANG_WARN_DIRECT_OBJC_ISA_USAGE = YES_ERROR;
				CLANG_WARN_EMPTY_BODY = YES;
				CLANG_WARN_ENUM_CONVERSION = YES;
				CLANG_WARN_INT_CONVERSION = YES;
				CLANG_WARN_OBJC_ROOT_CLASS = YES_ERROR;
				CLANG_WARN_UNREACHABLE_CODE = YES;
				CLANG_WARN__DUPLICATE_METHOD_MATCH = YES;
				"CODE_SIGN_IDENTITY[sdk=iphoneos*]" = "iPhone Developer";
				COPY_PHASE_STRIP = NO;
				DEBUG_INFORMATION_FORMAT = "dwarf-with-dsym";
				ENABLE_NS_ASSERTIONS = NO;
				ENABLE_STRICT_OBJC_MSGSEND = YES;
				GCC_C_LANGUAGE_STANDARD = gnu99;
				GCC_NO_COMMON_BLOCKS = YES;
				GCC_WARN_64_TO_32_BIT_CONVERSION = YES;
				GCC_WARN_ABOUT_RETURN_TYPE = YES_ERROR;
				GCC_WARN_UNDECLARED_SELECTOR = YES;
				GCC_WARN_UNINITIALIZED_AUTOS = YES_AGGRESSIVE;
				GCC_WARN_UNUSED_FUNCTION = YES;
				GCC_WARN_UNUSED_VARIABLE = YES;
				IPHONEOS_DEPLOYMENT_TARGET = 9.0;
				MTL_ENABLE_DEBUG_INFO = NO;
				SDKROOT = iphoneos;
				TARGETED_DEVICE_FAMILY = "1,2";
				VALIDATE_PRODUCT = YES;
			};
			name = Release;
		};
		4A346F381BDDC3C200BDACF9 /* Debug */ = {
			isa = XCBuildConfiguration;
			buildSettings = {
				ASSETCATALOG_COMPILER_APPICON_NAME = AppIcon;
				ASSETCATALOG_COMPILER_LAUNCHIMAGE_NAME = LaunchImage;
				INFOPLIST_FILE = SimpleTable/Info.plist;
				LD_RUNPATH_SEARCH_PATHS = "$(inherited) @executable_path/Frameworks";
				PRODUCT_BUNDLE_IDENTIFIER = com.guangLin.SimpleTable;
				PRODUCT_NAME = "$(TARGET_NAME)";
				TARGETED_DEVICE_FAMILY = 1;
			};
			name = Debug;
		};
		4A346F391BDDC3C200BDACF9 /* Release */ = {
			isa = XCBuildConfiguration;
			buildSettings = {
				ASSETCATALOG_COMPILER_APPICON_NAME = AppIcon;
				ASSETCATALOG_COMPILER_LAUNCHIMAGE_NAME = LaunchImage;
				INFOPLIST_FILE = SimpleTable/Info.plist;
				LD_RUNPATH_SEARCH_PATHS = "$(inherited) @executable_path/Frameworks";
				PRODUCT_BUNDLE_IDENTIFIER = com.guangLin.SimpleTable;
				PRODUCT_NAME = "$(TARGET_NAME)";
				TARGETED_DEVICE_FAMILY = 1;
			};
			name = Release;
		};
		4A346F3B1BDDC3C200BDACF9 /* Debug */ = {
			isa = XCBuildConfiguration;
			buildSettings = {
				BUNDLE_LOADER = "$(TEST_HOST)";
				INFOPLIST_FILE = SimpleTableTests/Info.plist;
				LD_RUNPATH_SEARCH_PATHS = "$(inherited) @executable_path/Frameworks @loader_path/Frameworks";
				PRODUCT_BUNDLE_IDENTIFIER = com.guangLin.SimpleTableTests;
				PRODUCT_NAME = "$(TARGET_NAME)";
				TEST_HOST = "$(BUILT_PRODUCTS_DIR)/SimpleTable.app/SimpleTable";
			};
			name = Debug;
		};
		4A346F3C1BDDC3C200BDACF9 /* Release */ = {
			isa = XCBuildConfiguration;
			buildSettings = {
				BUNDLE_LOADER = "$(TEST_HOST)";
				INFOPLIST_FILE = SimpleTableTests/Info.plist;
				LD_RUNPATH_SEARCH_PATHS = "$(inherited) @executable_path/Frameworks @loader_path/Frameworks";
				PRODUCT_BUNDLE_IDENTIFIER = com.guangLin.SimpleTableTests;
				PRODUCT_NAME = "$(TARGET_NAME)";
				TEST_HOST = "$(BUILT_PRODUCTS_DIR)/SimpleTable.app/SimpleTable";
			};
			name = Release;
		};
		4A346F3E1BDDC3C200BDACF9 /* Debug */ = {
			isa = XCBuildConfiguration;
			buildSettings = {
				INFOPLIST_FILE = SimpleTableUITests/Info.plist;
				LD_RUNPATH_SEARCH_PATHS = "$(inherited) @executable_path/Frameworks @loader_path/Frameworks";
				PRODUCT_BUNDLE_IDENTIFIER = com.guangLin.SimpleTableUITests;
				PRODUCT_NAME = "$(TARGET_NAME)";
				TEST_TARGET_NAME = SimpleTable;
				USES_XCTRUNNER = YES;
			};
			name = Debug;
		};
		4A346F3F1BDDC3C200BDACF9 /* Release */ = {
			isa = XCBuildConfiguration;
			buildSettings = {
				INFOPLIST_FILE = SimpleTableUITests/Info.plist;
				LD_RUNPATH_SEARCH_PATHS = "$(inherited) @executable_path/Frameworks @loader_path/Frameworks";
				PRODUCT_BUNDLE_IDENTIFIER = com.guangLin.SimpleTableUITests;
				PRODUCT_NAME = "$(TARGET_NAME)";
				TEST_TARGET_NAME = SimpleTable;
				USES_XCTRUNNER = YES;
			};
			name = Release;
		};
/* End XCBuildConfiguration section */

/* Begin XCConfigurationList section */
		4A346F051BDDC3C200BDACF9 /* Build configuration list for PBXProject "SimpleTable" */ = {
			isa = XCConfigurationList;
			buildConfigurations = (
				4A346F351BDDC3C200BDACF9 /* Debug */,
				4A346F361BDDC3C200BDACF9 /* Release */,
			);
			defaultConfigurationIsVisible = 0;
			defaultConfigurationName = Release;
		};
		4A346F371BDDC3C200BDACF9 /* Build configuration list for PBXNativeTarget "SimpleTable" */ = {
			isa = XCConfigurationList;
			buildConfigurations = (
				4A346F381BDDC3C200BDACF9 /* Debug */,
				4A346F391BDDC3C200BDACF9 /* Release */,
			);
			defaultConfigurationIsVisible = 0;
			defaultConfigurationName = Release;
		};
		4A346F3A1BDDC3C200BDACF9 /* Build configuration list for PBXNativeTarget "SimpleTableTests" */ = {
			isa = XCConfigurationList;
			buildConfigurations = (
				4A346F3B1BDDC3C200BDACF9 /* Debug */,
				4A346F3C1BDDC3C200BDACF9 /* Release */,
			);
			defaultConfigurationIsVisible = 0;
			defaultConfigurationName = Release;
		};
		4A346F3D1BDDC3C200BDACF9 /* Build configuration list for PBXNativeTarget "SimpleTableUITests" */ = {
			isa = XCConfigurationList;
			buildConfigurations = (
				4A346F3E1BDDC3C200BDACF9 /* Debug */,
				4A346F3F1BDDC3C200BDACF9 /* Release */,
			);
			defaultConfigurationIsVisible = 0;
			defaultConfigurationName = Release;
		};
/* End XCConfigurationList section */
	};
	rootObject = 4A346F021BDDC3C200BDACF9 /* Project object */;
}
